
Microsoft Visual Studio Solution File, Format Version 12.00
# Visual Studio 15
VisualStudioVersion = 15.0.26730.16
MinimumVisualStudioVersion = 10.0.40219.1
Project("{9A19103F-16F7-4668-BE54-9A1E7A4F7556}") = "FlixpressFFMPEG.Commands", "FlixpressFFMPEG.Commands\FlixpressFFMPEG.Commands.csproj", "{62F97DE4-DD09-42F8-AA8E-59340CEF110A}"
EndProject
Project("{9A19103F-16F7-4668-BE54-9A1E7A4F7556}") = "FlixpressFFMPEG.Tests", "FlixpressFFMPEG.Tests\FlixpressFFMPEG.Tests.csproj", "{98971D61-42C2-4F7B-ADE7-28D932030D98}"
EndProject
Project("{9A19103F-16F7-4668-BE54-9A1E7A4F7556}") = "FlixpressFFMPEG.Probe", "FlixpressFFMPEG.Probe\FlixpressFFMPEG.Probe.csproj", "{98394864-B3F2-4977-BB12-0A4E8F097633}"
EndProject
Project("{FAE04EC0-301F-11D3-BF4B-00C04F79EFBC}") = "FlixpressFFMPEG.Common", "FlixpressFFMPEG.Common\FlixpressFFMPEG.Common.csproj", "{DD984879-AAF1-4FED-A734-E904242E798E}"
EndProject
Global
	GlobalSection(SolutionConfigurationPlatforms) = preSolution
		Debug|Any CPU = Debug|Any CPU
		Release|Any CPU = Release|Any CPU
	EndGlobalSection
	GlobalSection(ProjectConfigurationPlatforms) = postSolution
		{62F97DE4-DD09-42F8-AA8E-59340CEF110A}.Debug|Any CPU.ActiveCfg = Debug|Any CPU
		{62F97DE4-DD09-42F8-AA8E-59340CEF110A}.Debug|Any CPU.Build.0 = Debug|Any CPU
		{62F97DE4-DD09-42F8-AA8E-59340CEF110A}.Release|Any CPU.ActiveCfg = Release|Any CPU
		{62F97DE4-DD09-42F8-AA8E-59340CEF110A}.Release|Any CPU.Build.0 = Release|Any CPU
		{98971D61-42C2-4F7B-ADE7-28D932030D98}.Debug|Any CPU.ActiveCfg = Debug|Any CPU
		{98971D61-42C2-4F7B-ADE7-28D932030D98}.Debug|Any CPU.Build.0 = Debug|Any CPU
		{98971D61-42C2-4F7B-ADE7-28D932030D98}.Release|Any CPU.ActiveCfg = Release|Any CPU
		{98971D61-42C2-4F7B-ADE7-28D932030D98}.Release|Any CPU.Build.0 = Release|Any CPU
		{98394864-B3F2-4977-BB12-0A4E8F097633}.Debug|Any CPU.ActiveCfg = Debug|Any CPU
		{98394864-B3F2-4977-BB12-0A4E8F097633}.Debug|Any CPU.Build.0 = Debug|Any CPU
		{98394864-B3F2-4977-BB12-0A4E8F097633}.Release|Any CPU.ActiveCfg = Release|Any CPU
		{98394864-B3F2-4977-BB12-0A4E8F097633}.Release|Any CPU.Build.0 = Release|Any CPU
		{DD984879-AAF1-4FED-A734-E904242E798E}.Debug|Any CPU.ActiveCfg = Debug|Any CPU
		{DD984879-AAF1-4FED-A734-E904242E798E}.Debug|Any CPU.Build.0 = Debug|Any CPU
		{DD984879-AAF1-4FED-A734-E904242E798E}.Release|Any CPU.ActiveCfg = Release|Any CPU
		{DD984879-AAF1-4FED-A734-E904242E798E}.Release|Any CPU.Build.0 = Release|Any CPU
	EndGlobalSection
	GlobalSection(SolutionProperties) = preSolution
		HideSolutionNode = FALSE
	EndGlobalSection
	GlobalSection(ExtensibilityGlobals) = postSolution
		SolutionGuid = {6FEEB694-B636-4CC8-AF0E-07F4D91F4D10}
	EndGlobalSection
EndGlobal
